
Microsoft Visual Studio Solution File, Format Version 12.00
# Visual Studio Version 17
VisualStudioVersion = 17.5.33516.290
MinimumVisualStudioVersion = 10.0.40219.1
Project("{FAE04EC0-301F-11D3-BF4B-00C04F79EFBC}") = "NamedPipeServerService", "InterprocessCommunication\NamedPipeServerService.csproj", "{F23DE7AF-F473-4E0D-86C1-1B545CAECB38}"
EndProject
Project("{FAE04EC0-301F-11D3-BF4B-00C04F79EFBC}") = "NamedPipeClientService", "NamedPipeServerService\NamedPipeClientService.csproj", "{949427FA-053A-46D1-8D6C-FD31E21E6CB4}"
EndProject
Global
	GlobalSection(SolutionConfigurationPlatforms) = preSolution
		Debug|Any CPU = Debug|Any CPU
		Release|Any CPU = Release|Any CPU
	EndGlobalSection
	GlobalSection(ProjectConfigurationPlatforms) = postSolution
		{F23DE7AF-F473-4E0D-86C1-1B545CAECB38}.Debug|Any CPU.ActiveCfg = Debug|Any CPU
		{F23DE7AF-F473-4E0D-86C1-1B545CAECB38}.Debug|Any CPU.Build.0 = Debug|Any CPU
		{F23DE7AF-F473-4E0D-86C1-1B545CAECB38}.Release|Any CPU.ActiveCfg = Release|Any CPU
		{F23DE7AF-F473-4E0D-86C1-1B545CAECB38}.Release|Any CPU.Build.0 = Release|Any CPU
		{949427FA-053A-46D1-8D6C-FD31E21E6CB4}.Debug|Any CPU.ActiveCfg = Debug|Any CPU
		{949427FA-053A-46D1-8D6C-FD31E21E6CB4}.Debug|Any CPU.Build.0 = Debug|Any CPU
		{949427FA-053A-46D1-8D6C-FD31E21E6CB4}.Release|Any CPU.ActiveCfg = Release|Any CPU
		{949427FA-053A-46D1-8D6C-FD31E21E6CB4}.Release|Any CPU.Build.0 = Release|Any CPU
	EndGlobalSection
	GlobalSection(SolutionProperties) = preSolution
		HideSolutionNode = FALSE
	EndGlobalSection
	GlobalSection(ExtensibilityGlobals) = postSolution
		SolutionGuid = {91C97582-2FA3-4C9A-85BA-BC2A83D162A3}
	EndGlobalSection
EndGlobal
