
Microsoft Visual Studio Solution File, Format Version 12.00
# Visual Studio Version 17
VisualStudioVersion = 17.5.33516.290
MinimumVisualStudioVersion = 10.0.40219.1
Project("{9A19103F-16F7-4668-BE54-9A1E7A4F7556}") = "NamedPipeClientService", "NamedPipeClientService\NamedPipeClientService.csproj", "{F90AEA83-CB8C-447B-8482-841CE29039CA}"
EndProject
Project("{9A19103F-16F7-4668-BE54-9A1E7A4F7556}") = "NamedPipeServerService", "NamedPipeServerService\NamedPipeServerService.csproj", "{D70644BC-7DE1-4D9D-9329-9989635BDE14}"
EndProject
Global
	GlobalSection(SolutionConfigurationPlatforms) = preSolution
		Debug|Any CPU = Debug|Any CPU
		Release|Any CPU = Release|Any CPU
	EndGlobalSection
	GlobalSection(ProjectConfigurationPlatforms) = postSolution
		{F90AEA83-CB8C-447B-8482-841CE29039CA}.Debug|Any CPU.ActiveCfg = Debug|Any CPU
		{F90AEA83-CB8C-447B-8482-841CE29039CA}.Debug|Any CPU.Build.0 = Debug|Any CPU
		{F90AEA83-CB8C-447B-8482-841CE29039CA}.Release|Any CPU.ActiveCfg = Release|Any CPU
		{F90AEA83-CB8C-447B-8482-841CE29039CA}.Release|Any CPU.Build.0 = Release|Any CPU
		{D70644BC-7DE1-4D9D-9329-9989635BDE14}.Debug|Any CPU.ActiveCfg = Debug|Any CPU
		{D70644BC-7DE1-4D9D-9329-9989635BDE14}.Debug|Any CPU.Build.0 = Debug|Any CPU
		{D70644BC-7DE1-4D9D-9329-9989635BDE14}.Release|Any CPU.ActiveCfg = Release|Any CPU
		{D70644BC-7DE1-4D9D-9329-9989635BDE14}.Release|Any CPU.Build.0 = Release|Any CPU
	EndGlobalSection
	GlobalSection(SolutionProperties) = preSolution
		HideSolutionNode = FALSE
	EndGlobalSection
	GlobalSection(ExtensibilityGlobals) = postSolution
		SolutionGuid = {91C97582-2FA3-4C9A-85BA-BC2A83D162A3}
	EndGlobalSection
EndGlobal
